github.com/BHAVYAghub/privateTest v0.0.0-20210601070405-aa7ae0f2ba91 h1:muukYDUE8+rJewffErG1El9xtCFN80hFlAoDSGgLwTA=
github.com/BHAVYAghub/privateTest v0.0.0-20210601070405-aa7ae0f2ba91/go.mod h1:GRNVGVMD1FpAmjnU5foCJZmzVkzUZIFXI9EJgO4Zn10=
github.com/BHAVYAghub/privateTest v0.0.0-20210602050254-6d407d352545 h1:CS6TCCVbNsf9FIJ+K7RasaUIFSQ8S7wyyxG4dyrYI+k=
github.com/BHAVYAghub/privateTest v0.0.0-20210602050254-6d407d352545/go.mod h1:GRNVGVMD1FpAmjnU5foCJZmzVkzUZIFXI9EJgO4Zn10=
